
Microsoft Visual Studio Solution File, Format Version 12.00
# Visual Studio Version 16
VisualStudioVersion = 16.0.31105.61
MinimumVisualStudioVersion = 10.0.40219.1
Project("{FAE04EC0-301F-11D3-BF4B-00C04F79EFBC}") = "SQLQueryTester", "SQLQueryTester\SQLQueryTester.csproj", "{B56CDCD2-E3A4-4D31-AF48-F64CEFF2797A}"
EndProject
Global
	GlobalSection(SolutionConfigurationPlatforms) = preSolution
		Debug|Any CPU = Debug|Any CPU
		Release|Any CPU = Release|Any CPU
	EndGlobalSection
	GlobalSection(ProjectConfigurationPlatforms) = postSolution
		{B56CDCD2-E3A4-4D31-AF48-F64CEFF2797A}.Debug|Any CPU.ActiveCfg = Debug|Any CPU
		{B56CDCD2-E3A4-4D31-AF48-F64CEFF2797A}.Debug|Any CPU.Build.0 = Debug|Any CPU
		{B56CDCD2-E3A4-4D31-AF48-F64CEFF2797A}.Release|Any CPU.ActiveCfg = Release|Any CPU
		{B56CDCD2-E3A4-4D31-AF48-F64CEFF2797A}.Release|Any CPU.Build.0 = Release|Any CPU
	EndGlobalSection
	GlobalSection(SolutionProperties) = preSolution
		HideSolutionNode = FALSE
	EndGlobalSection
	GlobalSection(ExtensibilityGlobals) = postSolution
		SolutionGuid = {264F5EC1-BF78-49AF-B3E9-EF326A0FC43A}
	EndGlobalSection
EndGlobal
