
Microsoft Visual Studio Solution File, Format Version 12.00
# Visual Studio Version 16
VisualStudioVersion = 16.0.30804.86
MinimumVisualStudioVersion = 10.0.40219.1
Project("{9A19103F-16F7-4668-BE54-9A1E7A4F7556}") = "Ch2-3MilesConverter", "Ch2-3MilesConverter\Ch2-3MilesConverter.csproj", "{020F3D2A-99B6-4C3C-9A77-3E3448C9203B}"
EndProject
Project("{9A19103F-16F7-4668-BE54-9A1E7A4F7556}") = "Ch2-3Raises", "Ch2-3Raises\Ch2-3Raises.csproj", "{BE27800F-79CD-4077-94AC-4652659B6626}"
EndProject
Project("{9A19103F-16F7-4668-BE54-9A1E7A4F7556}") = "Ch2-3AvgGrade", "Ch2-3AvgGrade\Ch2-3AvgGrade.csproj", "{0FEC3F8F-1737-4547-AB39-928B74B21DD3}"
EndProject
Project("{9A19103F-16F7-4668-BE54-9A1E7A4F7556}") = "Ch1WineGlass", "Ch1WineGlass\Ch1WineGlass.csproj", "{8FEF7A20-F55C-4FE6-91E1-6FBBE1A5A827}"
EndProject
Project("{9A19103F-16F7-4668-BE54-9A1E7A4F7556}") = "Ch2-3PigLatin", "Ch2-3PigLatin\Ch2-3PigLatin.csproj", "{40E29FA3-80CA-4AC1-A6ED-7CD5F03A0B53}"
EndProject
Project("{FAE04EC0-301F-11D3-BF4B-00C04F79EFBC}") = "Ch4MilesConverterGUI", "Ch4MilesConverterGUI\Ch4MilesConverterGUI.csproj", "{4603CBD6-E1B7-407E-975D-C21C4AACDF1F}"
EndProject
Project("{FAE04EC0-301F-11D3-BF4B-00C04F79EFBC}") = "Ch4EggsGUI", "Ch4EggsGUI\Ch4EggsGUI.csproj", "{D29DFD87-D1E1-4F7E-9353-0B0DCC384681}"
EndProject
Project("{FAE04EC0-301F-11D3-BF4B-00C04F79EFBC}") = "Ch4RaisesGUI", "Ch4RaisesGUI\Ch4RaisesGUI.csproj", "{143FB729-BA11-47B1-9672-6465E1807642}"
EndProject
Project("{FAE04EC0-301F-11D3-BF4B-00C04F79EFBC}") = "Ch5CollegeAdmission", "Ch5CollegeAdmission\Ch5CollegeAdmission.csproj", "{1C8F63E6-C358-4BBF-AFF9-A56511828EE6}"
EndProject
Project("{FAE04EC0-301F-11D3-BF4B-00C04F79EFBC}") = "Ch5Vowels", "Ch5Vowels\Ch5Vowels.csproj", "{AB7E5D45-1D66-4BD9-8639-D8970B17B774}"
EndProject
Project("{FAE04EC0-301F-11D3-BF4B-00C04F79EFBC}") = "Ch5HurricaneCategories", "Ch5HurricaneCategories\Ch5HurricaneCategories.csproj", "{637AC9D9-6DE9-43CB-9576-89ADCFE78760}"
EndProject
Project("{9A19103F-16F7-4668-BE54-9A1E7A4F7556}") = "Ch5TestScores", "Ch5TestScores\Ch5TestScores.csproj", "{317C9D78-67E0-44F7-9724-1D7BCC84A306}"
EndProject
Project("{FAE04EC0-301F-11D3-BF4B-00C04F79EFBC}") = "Ch5TestScoresGUI", "Ch5TestScoresGUI\Ch5TestScoresGUI.csproj", "{58178056-D73E-4F77-B4E7-CE78928F5BE8}"
EndProject
Project("{9A19103F-16F7-4668-BE54-9A1E7A4F7556}") = "Ch5HomeSales", "Ch5HomeSales\Ch5HomeSales.csproj", "{5FA933A7-D0F7-4032-8BED-8C0AA2C46B8E}"
EndProject
Project("{FAE04EC0-301F-11D3-BF4B-00C04F79EFBC}") = "Ch5HomeSalesGUI", "Ch5HomeSalesGUI\Ch5HomeSalesGUI.csproj", "{CEE50817-4853-4E12-86F4-90A7157EE9C4}"
EndProject
Project("{FAE04EC0-301F-11D3-BF4B-00C04F79EFBC}") = "Ch5RockPaperScissors", "Ch5RockPaperScissors\Ch5RockPaperScissors.csproj", "{AE2F2329-695B-45F5-BFA2-10EE9DD05C43}"
EndProject
Project("{FAE04EC0-301F-11D3-BF4B-00C04F79EFBC}") = "Ch6CollegeAdmission", "Ch6CollegeAdmission\Ch6CollegeAdmission.csproj", "{6A5AB34D-1348-45EA-905D-E28C3815EA94}"
EndProject
Project("{FAE04EC0-301F-11D3-BF4B-00C04F79EFBC}") = "Ch6Vowels", "Ch6Vowels\Ch6Vowels.csproj", "{D96F7BDB-AD6D-49E3-AA31-9229D30FF7ED}"
EndProject
Project("{FAE04EC0-301F-11D3-BF4B-00C04F79EFBC}") = "Ch6PaintingEstimate", "Ch6PaintingEstimate\Ch6PaintingEstimate.csproj", "{04203042-B519-44F4-9536-6F82D9FC0069}"
EndProject
Project("{FAE04EC0-301F-11D3-BF4B-00C04F79EFBC}") = "Ch6CreditCardMasker", "Ch6CreditCardMasker\Ch6CreditCardMasker.csproj", "{E05E27C7-4935-4FE5-9734-81B36F89C50A}"
EndProject
Project("{FAE04EC0-301F-11D3-BF4B-00C04F79EFBC}") = "Ch6CustomDesk", "Ch6CustomDesk\Ch6CustomDesk.csproj", "{AF1BCC4A-8234-4F0C-9994-32B3B82F3755}"
EndProject
Project("{FAE04EC0-301F-11D3-BF4B-00C04F79EFBC}") = "Ch7BMI", "Ch7BMI\Ch7BMI.csproj", "{11C52A99-8D1F-4C9E-903A-B045F1D4A8DF}"
EndProject
Project("{FAE04EC0-301F-11D3-BF4B-00C04F79EFBC}") = "Ch7OrderValidator", "Ch7OrderExceptions\Ch7OrderValidator.csproj", "{646C94EB-C0E7-444E-B7F0-4AFE90012663}"
EndProject
Project("{FAE04EC0-301F-11D3-BF4B-00C04F79EFBC}") = "Ch8DeliveryCharge", "Ch8DeliveryCharge\Ch8DeliveryCharge.csproj", "{685CE681-A923-48D7-973A-9AFCE74C9399}"
EndProject
Project("{FAE04EC0-301F-11D3-BF4B-00C04F79EFBC}") = "Ch8ReverseFour", "Ch8ReverseFour\Ch8ReverseFour.csproj", "{3143B1E4-3F43-4AB1-851F-5B2C59E70EFD}"
EndProject
Project("{FAE04EC0-301F-11D3-BF4B-00C04F79EFBC}") = "Ch8ResortCost", "Ch8ResortCost\Ch8ResortCost.csproj", "{03D93D25-D516-4B10-A140-8033C69EBD8F}"
EndProject
Project("{FAE04EC0-301F-11D3-BF4B-00C04F79EFBC}") = "Ch8GameDatabase", "Ch8GameDatabase\Ch8GameDatabase.csproj", "{3BDB2B86-E09B-486C-96EC-86981C03A97C}"
EndProject
Project("{FAE04EC0-301F-11D3-BF4B-00C04F79EFBC}") = "Ch8MovieDatabase", "Ch8MovieDatabase\Ch8MovieDatabase.csproj", "{799DAE9C-0418-4873-9D90-130AB132D0B1}"
EndProject
Project("{FAE04EC0-301F-11D3-BF4B-00C04F79EFBC}") = "Ch8SortedPhrase", "Ch8SortedPhrase\Ch8SortedPhrase.csproj", "{97FA86B4-B0EC-412E-82AD-2AD6AE03CA95}"
EndProject
Project("{FAE04EC0-301F-11D3-BF4B-00C04F79EFBC}") = "Ch8IntegerStats", "Ch8IntegerStats\Ch8IntegerStats.csproj", "{8FDD2F6F-E8B8-4D28-BDF5-6A49127DD0C6}"
EndProject
Project("{FAE04EC0-301F-11D3-BF4B-00C04F79EFBC}") = "Ch10SuperHeroDatabase", "Ch10SuperHeroDatabase\Ch10SuperHeroDatabase.csproj", "{7835EC65-2505-44A3-947C-714B4B7C88FD}"
EndProject
Project("{FAE04EC0-301F-11D3-BF4B-00C04F79EFBC}") = "Ch10JobDatabase", "Ch10JobDatabase\Ch10JobDatabase.csproj", "{41167933-8038-4736-BD8C-C193604EC3D7}"
EndProject
Project("{FAE04EC0-301F-11D3-BF4B-00C04F79EFBC}") = "Ch10Clock", "Ch10Clock\Ch10Clock.csproj", "{A173CFFA-712A-458F-A025-3C610410BE6E}"
EndProject
Project("{FAE04EC0-301F-11D3-BF4B-00C04F79EFBC}") = "Ch10MultiSearch", "Ch10MultiSearch\Ch10MultiSearch.csproj", "{10AB3541-48CB-446F-AD09-357CCA2D0598}"
EndProject
Project("{FAE04EC0-301F-11D3-BF4B-00C04F79EFBC}") = "Ch10StudentList", "Ch10StudentList\Ch10StudentList.csproj", "{8B46125F-288A-4D36-BABA-4739966D6E68}"
EndProject
Project("{FAE04EC0-301F-11D3-BF4B-00C04F79EFBC}") = "Ch12FlashCards", "Ch12FlashCards\Ch12FlashCards.csproj", "{2CEFE7C0-6E22-47CC-8E2C-DA3B54A5091D}"
EndProject
Project("{FAE04EC0-301F-11D3-BF4B-00C04F79EFBC}") = "Ch12StoreInventory", "Ch12StoreInventory\Ch12StoreInventory.csproj", "{DEDA64DB-74B1-462D-AD93-51470FCEB3C1}"
EndProject
Project("{FAE04EC0-301F-11D3-BF4B-00C04F79EFBC}") = "Ch12BankLogin", "Ch12BankLogin\Ch12BankLogin.csproj", "{700C0B47-79AF-4FB2-A6F7-7DEADA3B209F}"
EndProject
Project("{FAE04EC0-301F-11D3-BF4B-00C04F79EFBC}") = "Ch12GameBreak", "Ch12GameBreak\Ch12GameBreak.csproj", "{3D9FAEF2-8621-49A7-B7B9-8BA3102A7F72}"
EndProject
Project("{FAE04EC0-301F-11D3-BF4B-00C04F79EFBC}") = "Ch12JobEstimate", "Ch12JobEstimate\Ch12JobEstimate.csproj", "{A4F0CDDA-E59A-4B87-AAA0-E11DB2F215B9}"
EndProject
Project("{FAE04EC0-301F-11D3-BF4B-00C04F79EFBC}") = "Ch12TileEstimate", "Ch12TileEstimate\Ch12TileEstimate.csproj", "{690B3ECF-4A77-4AC1-AB71-2D0B929AA8E7}"
EndProject
Project("{FAE04EC0-301F-11D3-BF4B-00C04F79EFBC}") = "Ch12Paladins", "Ch12Paladins\Ch12Paladins.csproj", "{B7DE7D3D-97EC-456A-932E-ACAF945B6B44}"
EndProject
Project("{FAE04EC0-301F-11D3-BF4B-00C04F79EFBC}") = "Ch12Conferences", "Ch12Conferences\Ch12Conferences.csproj", "{415DD963-1AF0-4838-A44B-6F026B258E66}"
EndProject
Project("{FAE04EC0-301F-11D3-BF4B-00C04F79EFBC}") = "Ch12FoodOrder", "Ch12FoodOrder\Ch12FoodOrder.csproj", "{32CEE709-DF10-4902-9689-890FFA18BDA4}"
EndProject
Project("{FAE04EC0-301F-11D3-BF4B-00C04F79EFBC}") = "Ch14-15Photos", "Ch14-15Photos\Ch14-15Photos.csproj", "{BFDCED38-EEE7-4D93-948D-FFFFADDE2852}"
EndProject
Project("{FAE04EC0-301F-11D3-BF4B-00C04F79EFBC}") = "Ch14-15Letters", "Ch14-15Letters\Ch14-15Letters.csproj", "{C1895805-62A6-4228-8056-ECED4D68CF42}"
EndProject
Global
	GlobalSection(SolutionConfigurationPlatforms) = preSolution
		Debug|Any CPU = Debug|Any CPU
		Release|Any CPU = Release|Any CPU
	EndGlobalSection
	GlobalSection(ProjectConfigurationPlatforms) = postSolution
		{020F3D2A-99B6-4C3C-9A77-3E3448C9203B}.Debug|Any CPU.ActiveCfg = Debug|Any CPU
		{020F3D2A-99B6-4C3C-9A77-3E3448C9203B}.Debug|Any CPU.Build.0 = Debug|Any CPU
		{020F3D2A-99B6-4C3C-9A77-3E3448C9203B}.Release|Any CPU.ActiveCfg = Release|Any CPU
		{020F3D2A-99B6-4C3C-9A77-3E3448C9203B}.Release|Any CPU.Build.0 = Release|Any CPU
		{BE27800F-79CD-4077-94AC-4652659B6626}.Debug|Any CPU.ActiveCfg = Debug|Any CPU
		{BE27800F-79CD-4077-94AC-4652659B6626}.Debug|Any CPU.Build.0 = Debug|Any CPU
		{BE27800F-79CD-4077-94AC-4652659B6626}.Release|Any CPU.ActiveCfg = Release|Any CPU
		{BE27800F-79CD-4077-94AC-4652659B6626}.Release|Any CPU.Build.0 = Release|Any CPU
		{0FEC3F8F-1737-4547-AB39-928B74B21DD3}.Debug|Any CPU.ActiveCfg = Debug|Any CPU
		{0FEC3F8F-1737-4547-AB39-928B74B21DD3}.Debug|Any CPU.Build.0 = Debug|Any CPU
		{0FEC3F8F-1737-4547-AB39-928B74B21DD3}.Release|Any CPU.ActiveCfg = Release|Any CPU
		{0FEC3F8F-1737-4547-AB39-928B74B21DD3}.Release|Any CPU.Build.0 = Release|Any CPU
		{8FEF7A20-F55C-4FE6-91E1-6FBBE1A5A827}.Debug|Any CPU.ActiveCfg = Debug|Any CPU
		{8FEF7A20-F55C-4FE6-91E1-6FBBE1A5A827}.Debug|Any CPU.Build.0 = Debug|Any CPU
		{8FEF7A20-F55C-4FE6-91E1-6FBBE1A5A827}.Release|Any CPU.ActiveCfg = Release|Any CPU
		{8FEF7A20-F55C-4FE6-91E1-6FBBE1A5A827}.Release|Any CPU.Build.0 = Release|Any CPU
		{40E29FA3-80CA-4AC1-A6ED-7CD5F03A0B53}.Debug|Any CPU.ActiveCfg = Debug|Any CPU
		{40E29FA3-80CA-4AC1-A6ED-7CD5F03A0B53}.Debug|Any CPU.Build.0 = Debug|Any CPU
		{40E29FA3-80CA-4AC1-A6ED-7CD5F03A0B53}.Release|Any CPU.ActiveCfg = Release|Any CPU
		{40E29FA3-80CA-4AC1-A6ED-7CD5F03A0B53}.Release|Any CPU.Build.0 = Release|Any CPU
		{4603CBD6-E1B7-407E-975D-C21C4AACDF1F}.Debug|Any CPU.ActiveCfg = Debug|Any CPU
		{4603CBD6-E1B7-407E-975D-C21C4AACDF1F}.Debug|Any CPU.Build.0 = Debug|Any CPU
		{4603CBD6-E1B7-407E-975D-C21C4AACDF1F}.Release|Any CPU.ActiveCfg = Release|Any CPU
		{4603CBD6-E1B7-407E-975D-C21C4AACDF1F}.Release|Any CPU.Build.0 = Release|Any CPU
		{D29DFD87-D1E1-4F7E-9353-0B0DCC384681}.Debug|Any CPU.ActiveCfg = Debug|Any CPU
		{D29DFD87-D1E1-4F7E-9353-0B0DCC384681}.Debug|Any CPU.Build.0 = Debug|Any CPU
		{D29DFD87-D1E1-4F7E-9353-0B0DCC384681}.Release|Any CPU.ActiveCfg = Release|Any CPU
		{D29DFD87-D1E1-4F7E-9353-0B0DCC384681}.Release|Any CPU.Build.0 = Release|Any CPU
		{143FB729-BA11-47B1-9672-6465E1807642}.Debug|Any CPU.ActiveCfg = Debug|Any CPU
		{143FB729-BA11-47B1-9672-6465E1807642}.Debug|Any CPU.Build.0 = Debug|Any CPU
		{143FB729-BA11-47B1-9672-6465E1807642}.Release|Any CPU.ActiveCfg = Release|Any CPU
		{143FB729-BA11-47B1-9672-6465E1807642}.Release|Any CPU.Build.0 = Release|Any CPU
		{1C8F63E6-C358-4BBF-AFF9-A56511828EE6}.Debug|Any CPU.ActiveCfg = Debug|Any CPU
		{1C8F63E6-C358-4BBF-AFF9-A56511828EE6}.Debug|Any CPU.Build.0 = Debug|Any CPU
		{1C8F63E6-C358-4BBF-AFF9-A56511828EE6}.Release|Any CPU.ActiveCfg = Release|Any CPU
		{1C8F63E6-C358-4BBF-AFF9-A56511828EE6}.Release|Any CPU.Build.0 = Release|Any CPU
		{AB7E5D45-1D66-4BD9-8639-D8970B17B774}.Debug|Any CPU.ActiveCfg = Debug|Any CPU
		{AB7E5D45-1D66-4BD9-8639-D8970B17B774}.Debug|Any CPU.Build.0 = Debug|Any CPU
		{AB7E5D45-1D66-4BD9-8639-D8970B17B774}.Release|Any CPU.ActiveCfg = Release|Any CPU
		{AB7E5D45-1D66-4BD9-8639-D8970B17B774}.Release|Any CPU.Build.0 = Release|Any CPU
		{637AC9D9-6DE9-43CB-9576-89ADCFE78760}.Debug|Any CPU.ActiveCfg = Debug|Any CPU
		{637AC9D9-6DE9-43CB-9576-89ADCFE78760}.Debug|Any CPU.Build.0 = Debug|Any CPU
		{637AC9D9-6DE9-43CB-9576-89ADCFE78760}.Release|Any CPU.ActiveCfg = Release|Any CPU
		{637AC9D9-6DE9-43CB-9576-89ADCFE78760}.Release|Any CPU.Build.0 = Release|Any CPU
		{317C9D78-67E0-44F7-9724-1D7BCC84A306}.Debug|Any CPU.ActiveCfg = Debug|Any CPU
		{317C9D78-67E0-44F7-9724-1D7BCC84A306}.Debug|Any CPU.Build.0 = Debug|Any CPU
		{317C9D78-67E0-44F7-9724-1D7BCC84A306}.Release|Any CPU.ActiveCfg = Release|Any CPU
		{317C9D78-67E0-44F7-9724-1D7BCC84A306}.Release|Any CPU.Build.0 = Release|Any CPU
		{58178056-D73E-4F77-B4E7-CE78928F5BE8}.Debug|Any CPU.ActiveCfg = Debug|Any CPU
		{58178056-D73E-4F77-B4E7-CE78928F5BE8}.Debug|Any CPU.Build.0 = Debug|Any CPU
		{58178056-D73E-4F77-B4E7-CE78928F5BE8}.Release|Any CPU.ActiveCfg = Release|Any CPU
		{58178056-D73E-4F77-B4E7-CE78928F5BE8}.Release|Any CPU.Build.0 = Release|Any CPU
		{5FA933A7-D0F7-4032-8BED-8C0AA2C46B8E}.Debug|Any CPU.ActiveCfg = Debug|Any CPU
		{5FA933A7-D0F7-4032-8BED-8C0AA2C46B8E}.Debug|Any CPU.Build.0 = Debug|Any CPU
		{5FA933A7-D0F7-4032-8BED-8C0AA2C46B8E}.Release|Any CPU.ActiveCfg = Release|Any CPU
		{5FA933A7-D0F7-4032-8BED-8C0AA2C46B8E}.Release|Any CPU.Build.0 = Release|Any CPU
		{CEE50817-4853-4E12-86F4-90A7157EE9C4}.Debug|Any CPU.ActiveCfg = Debug|Any CPU
		{CEE50817-4853-4E12-86F4-90A7157EE9C4}.Debug|Any CPU.Build.0 = Debug|Any CPU
		{CEE50817-4853-4E12-86F4-90A7157EE9C4}.Release|Any CPU.ActiveCfg = Release|Any CPU
		{CEE50817-4853-4E12-86F4-90A7157EE9C4}.Release|Any CPU.Build.0 = Release|Any CPU
		{AE2F2329-695B-45F5-BFA2-10EE9DD05C43}.Debug|Any CPU.ActiveCfg = Debug|Any CPU
		{AE2F2329-695B-45F5-BFA2-10EE9DD05C43}.Debug|Any CPU.Build.0 = Debug|Any CPU
		{AE2F2329-695B-45F5-BFA2-10EE9DD05C43}.Release|Any CPU.ActiveCfg = Release|Any CPU
		{AE2F2329-695B-45F5-BFA2-10EE9DD05C43}.Release|Any CPU.Build.0 = Release|Any CPU
		{6A5AB34D-1348-45EA-905D-E28C3815EA94}.Debug|Any CPU.ActiveCfg = Debug|Any CPU
		{6A5AB34D-1348-45EA-905D-E28C3815EA94}.Debug|Any CPU.Build.0 = Debug|Any CPU
		{6A5AB34D-1348-45EA-905D-E28C3815EA94}.Release|Any CPU.ActiveCfg = Release|Any CPU
		{6A5AB34D-1348-45EA-905D-E28C3815EA94}.Release|Any CPU.Build.0 = Release|Any CPU
		{D96F7BDB-AD6D-49E3-AA31-9229D30FF7ED}.Debug|Any CPU.ActiveCfg = Debug|Any CPU
		{D96F7BDB-AD6D-49E3-AA31-9229D30FF7ED}.Debug|Any CPU.Build.0 = Debug|Any CPU
		{D96F7BDB-AD6D-49E3-AA31-9229D30FF7ED}.Release|Any CPU.ActiveCfg = Release|Any CPU
		{D96F7BDB-AD6D-49E3-AA31-9229D30FF7ED}.Release|Any CPU.Build.0 = Release|Any CPU
		{04203042-B519-44F4-9536-6F82D9FC0069}.Debug|Any CPU.ActiveCfg = Debug|Any CPU
		{04203042-B519-44F4-9536-6F82D9FC0069}.Debug|Any CPU.Build.0 = Debug|Any CPU
		{04203042-B519-44F4-9536-6F82D9FC0069}.Release|Any CPU.ActiveCfg = Release|Any CPU
		{04203042-B519-44F4-9536-6F82D9FC0069}.Release|Any CPU.Build.0 = Release|Any CPU
		{E05E27C7-4935-4FE5-9734-81B36F89C50A}.Debug|Any CPU.ActiveCfg = Debug|Any CPU
		{E05E27C7-4935-4FE5-9734-81B36F89C50A}.Debug|Any CPU.Build.0 = Debug|Any CPU
		{E05E27C7-4935-4FE5-9734-81B36F89C50A}.Release|Any CPU.ActiveCfg = Release|Any CPU
		{E05E27C7-4935-4FE5-9734-81B36F89C50A}.Release|Any CPU.Build.0 = Release|Any CPU
		{AF1BCC4A-8234-4F0C-9994-32B3B82F3755}.Debug|Any CPU.ActiveCfg = Debug|Any CPU
		{AF1BCC4A-8234-4F0C-9994-32B3B82F3755}.Debug|Any CPU.Build.0 = Debug|Any CPU
		{AF1BCC4A-8234-4F0C-9994-32B3B82F3755}.Release|Any CPU.ActiveCfg = Release|Any CPU
		{AF1BCC4A-8234-4F0C-9994-32B3B82F3755}.Release|Any CPU.Build.0 = Release|Any CPU
		{11C52A99-8D1F-4C9E-903A-B045F1D4A8DF}.Debug|Any CPU.ActiveCfg = Debug|Any CPU
		{11C52A99-8D1F-4C9E-903A-B045F1D4A8DF}.Debug|Any CPU.Build.0 = Debug|Any CPU
		{11C52A99-8D1F-4C9E-903A-B045F1D4A8DF}.Release|Any CPU.ActiveCfg = Release|Any CPU
		{11C52A99-8D1F-4C9E-903A-B045F1D4A8DF}.Release|Any CPU.Build.0 = Release|Any CPU
		{646C94EB-C0E7-444E-B7F0-4AFE90012663}.Debug|Any CPU.ActiveCfg = Debug|Any CPU
		{646C94EB-C0E7-444E-B7F0-4AFE90012663}.Debug|Any CPU.Build.0 = Debug|Any CPU
		{646C94EB-C0E7-444E-B7F0-4AFE90012663}.Release|Any CPU.ActiveCfg = Release|Any CPU
		{646C94EB-C0E7-444E-B7F0-4AFE90012663}.Release|Any CPU.Build.0 = Release|Any CPU
		{685CE681-A923-48D7-973A-9AFCE74C9399}.Debug|Any CPU.ActiveCfg = Debug|Any CPU
		{685CE681-A923-48D7-973A-9AFCE74C9399}.Debug|Any CPU.Build.0 = Debug|Any CPU
		{685CE681-A923-48D7-973A-9AFCE74C9399}.Release|Any CPU.ActiveCfg = Release|Any CPU
		{685CE681-A923-48D7-973A-9AFCE74C9399}.Release|Any CPU.Build.0 = Release|Any CPU
		{3143B1E4-3F43-4AB1-851F-5B2C59E70EFD}.Debug|Any CPU.ActiveCfg = Debug|Any CPU
		{3143B1E4-3F43-4AB1-851F-5B2C59E70EFD}.Debug|Any CPU.Build.0 = Debug|Any CPU
		{3143B1E4-3F43-4AB1-851F-5B2C59E70EFD}.Release|Any CPU.ActiveCfg = Release|Any CPU
		{3143B1E4-3F43-4AB1-851F-5B2C59E70EFD}.Release|Any CPU.Build.0 = Release|Any CPU
		{03D93D25-D516-4B10-A140-8033C69EBD8F}.Debug|Any CPU.ActiveCfg = Debug|Any CPU
		{03D93D25-D516-4B10-A140-8033C69EBD8F}.Debug|Any CPU.Build.0 = Debug|Any CPU
		{03D93D25-D516-4B10-A140-8033C69EBD8F}.Release|Any CPU.ActiveCfg = Release|Any CPU
		{03D93D25-D516-4B10-A140-8033C69EBD8F}.Release|Any CPU.Build.0 = Release|Any CPU
		{3BDB2B86-E09B-486C-96EC-86981C03A97C}.Debug|Any CPU.ActiveCfg = Debug|Any CPU
		{3BDB2B86-E09B-486C-96EC-86981C03A97C}.Debug|Any CPU.Build.0 = Debug|Any CPU
		{3BDB2B86-E09B-486C-96EC-86981C03A97C}.Release|Any CPU.ActiveCfg = Release|Any CPU
		{3BDB2B86-E09B-486C-96EC-86981C03A97C}.Release|Any CPU.Build.0 = Release|Any CPU
		{799DAE9C-0418-4873-9D90-130AB132D0B1}.Debug|Any CPU.ActiveCfg = Debug|Any CPU
		{799DAE9C-0418-4873-9D90-130AB132D0B1}.Debug|Any CPU.Build.0 = Debug|Any CPU
		{799DAE9C-0418-4873-9D90-130AB132D0B1}.Release|Any CPU.ActiveCfg = Release|Any CPU
		{799DAE9C-0418-4873-9D90-130AB132D0B1}.Release|Any CPU.Build.0 = Release|Any CPU
		{97FA86B4-B0EC-412E-82AD-2AD6AE03CA95}.Debug|Any CPU.ActiveCfg = Debug|Any CPU
		{97FA86B4-B0EC-412E-82AD-2AD6AE03CA95}.Debug|Any CPU.Build.0 = Debug|Any CPU
		{97FA86B4-B0EC-412E-82AD-2AD6AE03CA95}.Release|Any CPU.ActiveCfg = Release|Any CPU
		{97FA86B4-B0EC-412E-82AD-2AD6AE03CA95}.Release|Any CPU.Build.0 = Release|Any CPU
		{8FDD2F6F-E8B8-4D28-BDF5-6A49127DD0C6}.Debug|Any CPU.ActiveCfg = Debug|Any CPU
		{8FDD2F6F-E8B8-4D28-BDF5-6A49127DD0C6}.Debug|Any CPU.Build.0 = Debug|Any CPU
		{8FDD2F6F-E8B8-4D28-BDF5-6A49127DD0C6}.Release|Any CPU.ActiveCfg = Release|Any CPU
		{8FDD2F6F-E8B8-4D28-BDF5-6A49127DD0C6}.Release|Any CPU.Build.0 = Release|Any CPU
		{7835EC65-2505-44A3-947C-714B4B7C88FD}.Debug|Any CPU.ActiveCfg = Debug|Any CPU
		{7835EC65-2505-44A3-947C-714B4B7C88FD}.Debug|Any CPU.Build.0 = Debug|Any CPU
		{7835EC65-2505-44A3-947C-714B4B7C88FD}.Release|Any CPU.ActiveCfg = Release|Any CPU
		{7835EC65-2505-44A3-947C-714B4B7C88FD}.Release|Any CPU.Build.0 = Release|Any CPU
		{41167933-8038-4736-BD8C-C193604EC3D7}.Debug|Any CPU.ActiveCfg = Debug|Any CPU
		{41167933-8038-4736-BD8C-C193604EC3D7}.Debug|Any CPU.Build.0 = Debug|Any CPU
		{41167933-8038-4736-BD8C-C193604EC3D7}.Release|Any CPU.ActiveCfg = Release|Any CPU
		{41167933-8038-4736-BD8C-C193604EC3D7}.Release|Any CPU.Build.0 = Release|Any CPU
		{A173CFFA-712A-458F-A025-3C610410BE6E}.Debug|Any CPU.ActiveCfg = Debug|Any CPU
		{A173CFFA-712A-458F-A025-3C610410BE6E}.Debug|Any CPU.Build.0 = Debug|Any CPU
		{A173CFFA-712A-458F-A025-3C610410BE6E}.Release|Any CPU.ActiveCfg = Release|Any CPU
		{A173CFFA-712A-458F-A025-3C610410BE6E}.Release|Any CPU.Build.0 = Release|Any CPU
		{10AB3541-48CB-446F-AD09-357CCA2D0598}.Debug|Any CPU.ActiveCfg = Debug|Any CPU
		{10AB3541-48CB-446F-AD09-357CCA2D0598}.Debug|Any CPU.Build.0 = Debug|Any CPU
		{10AB3541-48CB-446F-AD09-357CCA2D0598}.Release|Any CPU.ActiveCfg = Release|Any CPU
		{10AB3541-48CB-446F-AD09-357CCA2D0598}.Release|Any CPU.Build.0 = Release|Any CPU
		{8B46125F-288A-4D36-BABA-4739966D6E68}.Debug|Any CPU.ActiveCfg = Debug|Any CPU
		{8B46125F-288A-4D36-BABA-4739966D6E68}.Debug|Any CPU.Build.0 = Debug|Any CPU
		{8B46125F-288A-4D36-BABA-4739966D6E68}.Release|Any CPU.ActiveCfg = Release|Any CPU
		{8B46125F-288A-4D36-BABA-4739966D6E68}.Release|Any CPU.Build.0 = Release|Any CPU
		{2CEFE7C0-6E22-47CC-8E2C-DA3B54A5091D}.Debug|Any CPU.ActiveCfg = Debug|Any CPU
		{2CEFE7C0-6E22-47CC-8E2C-DA3B54A5091D}.Debug|Any CPU.Build.0 = Debug|Any CPU
		{2CEFE7C0-6E22-47CC-8E2C-DA3B54A5091D}.Release|Any CPU.ActiveCfg = Release|Any CPU
		{2CEFE7C0-6E22-47CC-8E2C-DA3B54A5091D}.Release|Any CPU.Build.0 = Release|Any CPU
		{DEDA64DB-74B1-462D-AD93-51470FCEB3C1}.Debug|Any CPU.ActiveCfg = Debug|Any CPU
		{DEDA64DB-74B1-462D-AD93-51470FCEB3C1}.Debug|Any CPU.Build.0 = Debug|Any CPU
		{DEDA64DB-74B1-462D-AD93-51470FCEB3C1}.Release|Any CPU.ActiveCfg = Release|Any CPU
		{DEDA64DB-74B1-462D-AD93-51470FCEB3C1}.Release|Any CPU.Build.0 = Release|Any CPU
		{700C0B47-79AF-4FB2-A6F7-7DEADA3B209F}.Debug|Any CPU.ActiveCfg = Debug|Any CPU
		{700C0B47-79AF-4FB2-A6F7-7DEADA3B209F}.Debug|Any CPU.Build.0 = Debug|Any CPU
		{700C0B47-79AF-4FB2-A6F7-7DEADA3B209F}.Release|Any CPU.ActiveCfg = Release|Any CPU
		{700C0B47-79AF-4FB2-A6F7-7DEADA3B209F}.Release|Any CPU.Build.0 = Release|Any CPU
		{3D9FAEF2-8621-49A7-B7B9-8BA3102A7F72}.Debug|Any CPU.ActiveCfg = Debug|Any CPU
		{3D9FAEF2-8621-49A7-B7B9-8BA3102A7F72}.Debug|Any CPU.Build.0 = Debug|Any CPU
		{3D9FAEF2-8621-49A7-B7B9-8BA3102A7F72}.Release|Any CPU.ActiveCfg = Release|Any CPU
		{3D9FAEF2-8621-49A7-B7B9-8BA3102A7F72}.Release|Any CPU.Build.0 = Release|Any CPU
		{A4F0CDDA-E59A-4B87-AAA0-E11DB2F215B9}.Debug|Any CPU.ActiveCfg = Debug|Any CPU
		{A4F0CDDA-E59A-4B87-AAA0-E11DB2F215B9}.Debug|Any CPU.Build.0 = Debug|Any CPU
		{A4F0CDDA-E59A-4B87-AAA0-E11DB2F215B9}.Release|Any CPU.ActiveCfg = Release|Any CPU
		{A4F0CDDA-E59A-4B87-AAA0-E11DB2F215B9}.Release|Any CPU.Build.0 = Release|Any CPU
		{690B3ECF-4A77-4AC1-AB71-2D0B929AA8E7}.Debug|Any CPU.ActiveCfg = Debug|Any CPU
		{690B3ECF-4A77-4AC1-AB71-2D0B929AA8E7}.Debug|Any CPU.Build.0 = Debug|Any CPU
		{690B3ECF-4A77-4AC1-AB71-2D0B929AA8E7}.Release|Any CPU.ActiveCfg = Release|Any CPU
		{690B3ECF-4A77-4AC1-AB71-2D0B929AA8E7}.Release|Any CPU.Build.0 = Release|Any CPU
		{B7DE7D3D-97EC-456A-932E-ACAF945B6B44}.Debug|Any CPU.ActiveCfg = Debug|Any CPU
		{B7DE7D3D-97EC-456A-932E-ACAF945B6B44}.Debug|Any CPU.Build.0 = Debug|Any CPU
		{B7DE7D3D-97EC-456A-932E-ACAF945B6B44}.Release|Any CPU.ActiveCfg = Release|Any CPU
		{B7DE7D3D-97EC-456A-932E-ACAF945B6B44}.Release|Any CPU.Build.0 = Release|Any CPU
		{415DD963-1AF0-4838-A44B-6F026B258E66}.Debug|Any CPU.ActiveCfg = Debug|Any CPU
		{415DD963-1AF0-4838-A44B-6F026B258E66}.Debug|Any CPU.Build.0 = Debug|Any CPU
		{415DD963-1AF0-4838-A44B-6F026B258E66}.Release|Any CPU.ActiveCfg = Release|Any CPU
		{415DD963-1AF0-4838-A44B-6F026B258E66}.Release|Any CPU.Build.0 = Release|Any CPU
		{32CEE709-DF10-4902-9689-890FFA18BDA4}.Debug|Any CPU.ActiveCfg = Debug|Any CPU
		{32CEE709-DF10-4902-9689-890FFA18BDA4}.Debug|Any CPU.Build.0 = Debug|Any CPU
		{32CEE709-DF10-4902-9689-890FFA18BDA4}.Release|Any CPU.ActiveCfg = Release|Any CPU
		{32CEE709-DF10-4902-9689-890FFA18BDA4}.Release|Any CPU.Build.0 = Release|Any CPU
		{BFDCED38-EEE7-4D93-948D-FFFFADDE2852}.Debug|Any CPU.ActiveCfg = Debug|Any CPU
		{BFDCED38-EEE7-4D93-948D-FFFFADDE2852}.Debug|Any CPU.Build.0 = Debug|Any CPU
		{BFDCED38-EEE7-4D93-948D-FFFFADDE2852}.Release|Any CPU.ActiveCfg = Release|Any CPU
		{BFDCED38-EEE7-4D93-948D-FFFFADDE2852}.Release|Any CPU.Build.0 = Release|Any CPU
		{C1895805-62A6-4228-8056-ECED4D68CF42}.Debug|Any CPU.ActiveCfg = Debug|Any CPU
		{C1895805-62A6-4228-8056-ECED4D68CF42}.Debug|Any CPU.Build.0 = Debug|Any CPU
		{C1895805-62A6-4228-8056-ECED4D68CF42}.Release|Any CPU.ActiveCfg = Release|Any CPU
		{C1895805-62A6-4228-8056-ECED4D68CF42}.Release|Any CPU.Build.0 = Release|Any CPU
	EndGlobalSection
	GlobalSection(SolutionProperties) = preSolution
		HideSolutionNode = FALSE
	EndGlobalSection
	GlobalSection(ExtensibilityGlobals) = postSolution
		SolutionGuid = {92F1703E-AC15-49EC-A361-0034D3A636BE}
	EndGlobalSection
EndGlobal
