
Microsoft Visual Studio Solution File, Format Version 12.00
# Visual Studio Version 16
VisualStudioVersion = 16.0.31105.61
MinimumVisualStudioVersion = 10.0.40219.1
Project("{FAE04EC0-301F-11D3-BF4B-00C04F79EFBC}") = "SQLQueries", "SQLQueries\SQLQueries.csproj", "{43DF12CD-7714-4BBD-818A-960E9A7B0D2A}"
EndProject
Global
	GlobalSection(SolutionConfigurationPlatforms) = preSolution
		Debug|Any CPU = Debug|Any CPU
		Release|Any CPU = Release|Any CPU
	EndGlobalSection
	GlobalSection(ProjectConfigurationPlatforms) = postSolution
		{43DF12CD-7714-4BBD-818A-960E9A7B0D2A}.Debug|Any CPU.ActiveCfg = Debug|Any CPU
		{43DF12CD-7714-4BBD-818A-960E9A7B0D2A}.Debug|Any CPU.Build.0 = Debug|Any CPU
		{43DF12CD-7714-4BBD-818A-960E9A7B0D2A}.Release|Any CPU.ActiveCfg = Release|Any CPU
		{43DF12CD-7714-4BBD-818A-960E9A7B0D2A}.Release|Any CPU.Build.0 = Release|Any CPU
	EndGlobalSection
	GlobalSection(SolutionProperties) = preSolution
		HideSolutionNode = FALSE
	EndGlobalSection
	GlobalSection(ExtensibilityGlobals) = postSolution
		SolutionGuid = {B4EF44DE-8058-4513-94D6-603494760FA5}
	EndGlobalSection
EndGlobal
